
Microsoft Visual Studio Solution File, Format Version 12.00
# Visual Studio 15
VisualStudioVersion = 15.0.28010.0
MinimumVisualStudioVersion = 10.0.40219.1
Project("{FAE04EC0-301F-11D3-BF4B-00C04F79EFBC}") = "ConectToAngular", "ConectToAngular\ConectToAngular.csproj", "{C286AF9A-754F-4B5D-AA0A-D9F3E9CD829B}"
EndProject
Global
	GlobalSection(SolutionConfigurationPlatforms) = preSolution
		Debug|Any CPU = Debug|Any CPU
		Release|Any CPU = Release|Any CPU
	EndGlobalSection
	GlobalSection(ProjectConfigurationPlatforms) = postSolution
		{C286AF9A-754F-4B5D-AA0A-D9F3E9CD829B}.Debug|Any CPU.ActiveCfg = Debug|Any CPU
		{C286AF9A-754F-4B5D-AA0A-D9F3E9CD829B}.Debug|Any CPU.Build.0 = Debug|Any CPU
		{C286AF9A-754F-4B5D-AA0A-D9F3E9CD829B}.Release|Any CPU.ActiveCfg = Release|Any CPU
		{C286AF9A-754F-4B5D-AA0A-D9F3E9CD829B}.Release|Any CPU.Build.0 = Release|Any CPU
	EndGlobalSection
	GlobalSection(SolutionProperties) = preSolution
		HideSolutionNode = FALSE
	EndGlobalSection
	GlobalSection(ExtensibilityGlobals) = postSolution
		SolutionGuid = {EBF1960C-45DC-4519-B044-5A40E009D33A}
	EndGlobalSection
EndGlobal
