
Microsoft Visual Studio Solution File, Format Version 12.00
# Visual Studio Version 16
VisualStudioVersion = 16.0.31729.503
MinimumVisualStudioVersion = 10.0.40219.1
Project("{FAE04EC0-301F-11D3-BF4B-00C04F79EFBC}") = "BL", "BL\BL.csproj", "{89D48741-B945-499F-A44F-EC112F380352}"
EndProject
Project("{FAE04EC0-301F-11D3-BF4B-00C04F79EFBC}") = "DAL", "DAL\DAL.csproj", "{20EBC5BD-BF3D-48CB-ACEA-38F63CE0A9B4}"
EndProject
Project("{FAE04EC0-301F-11D3-BF4B-00C04F79EFBC}") = "Entities", "Entities\Entities.csproj", "{0B95C0B8-3862-466F-97CC-C459D04AEC58}"
EndProject
Project("{FAE04EC0-301F-11D3-BF4B-00C04F79EFBC}") = "ConectToAngular", "..\..\..\angular\אנגולר מורה\אנגולר\שיעור 10\ConectToAngular\ConectToAngular\ConectToAngular.csproj", "{C286AF9A-754F-4B5D-AA0A-D9F3E9CD829B}"
EndProject
Global
	GlobalSection(SolutionConfigurationPlatforms) = preSolution
		Debug|Any CPU = Debug|Any CPU
		Release|Any CPU = Release|Any CPU
	EndGlobalSection
	GlobalSection(ProjectConfigurationPlatforms) = postSolution
		{89D48741-B945-499F-A44F-EC112F380352}.Debug|Any CPU.ActiveCfg = Debug|Any CPU
		{89D48741-B945-499F-A44F-EC112F380352}.Debug|Any CPU.Build.0 = Debug|Any CPU
		{89D48741-B945-499F-A44F-EC112F380352}.Release|Any CPU.ActiveCfg = Release|Any CPU
		{89D48741-B945-499F-A44F-EC112F380352}.Release|Any CPU.Build.0 = Release|Any CPU
		{20EBC5BD-BF3D-48CB-ACEA-38F63CE0A9B4}.Debug|Any CPU.ActiveCfg = Debug|Any CPU
		{20EBC5BD-BF3D-48CB-ACEA-38F63CE0A9B4}.Debug|Any CPU.Build.0 = Debug|Any CPU
		{20EBC5BD-BF3D-48CB-ACEA-38F63CE0A9B4}.Release|Any CPU.ActiveCfg = Release|Any CPU
		{20EBC5BD-BF3D-48CB-ACEA-38F63CE0A9B4}.Release|Any CPU.Build.0 = Release|Any CPU
		{0B95C0B8-3862-466F-97CC-C459D04AEC58}.Debug|Any CPU.ActiveCfg = Debug|Any CPU
		{0B95C0B8-3862-466F-97CC-C459D04AEC58}.Debug|Any CPU.Build.0 = Debug|Any CPU
		{0B95C0B8-3862-466F-97CC-C459D04AEC58}.Release|Any CPU.ActiveCfg = Release|Any CPU
		{0B95C0B8-3862-466F-97CC-C459D04AEC58}.Release|Any CPU.Build.0 = Release|Any CPU
		{C286AF9A-754F-4B5D-AA0A-D9F3E9CD829B}.Debug|Any CPU.ActiveCfg = Release|Any CPU
		{C286AF9A-754F-4B5D-AA0A-D9F3E9CD829B}.Debug|Any CPU.Build.0 = Release|Any CPU
		{C286AF9A-754F-4B5D-AA0A-D9F3E9CD829B}.Release|Any CPU.ActiveCfg = Release|Any CPU
		{C286AF9A-754F-4B5D-AA0A-D9F3E9CD829B}.Release|Any CPU.Build.0 = Release|Any CPU
	EndGlobalSection
	GlobalSection(SolutionProperties) = preSolution
		HideSolutionNode = FALSE
	EndGlobalSection
	GlobalSection(ExtensibilityGlobals) = postSolution
		SolutionGuid = {0A926E15-CE89-43D3-ACB7-07ABA76218DC}
	EndGlobalSection
EndGlobal
